
Microsoft Visual Studio Solution File, Format Version 12.00
# Visual Studio Version 17
VisualStudioVersion = 17.9.34728.123
MinimumVisualStudioVersion = 10.0.40219.1
Project("{9A19103F-16F7-4668-BE54-9A1E7A4F7556}") = "ChipChipShop.Data", "ChipChipShop.Data\ChipChipShop.Data.csproj", "{E044BE4B-1BB0-4DCB-9B6B-62F1DD9BB723}"
EndProject
Project("{FAE04EC0-301F-11D3-BF4B-00C04F79EFBC}") = "ChipChipShop.Application", "ChipChipShop.Application\ChipChipShop.Application.csproj", "{BAA58548-B7EC-4F4E-8E1C-5B9808BBD8A8}"
EndProject
Global
	GlobalSection(SolutionConfigurationPlatforms) = preSolution
		Debug|Any CPU = Debug|Any CPU
		Release|Any CPU = Release|Any CPU
	EndGlobalSection
	GlobalSection(ProjectConfigurationPlatforms) = postSolution
		{E044BE4B-1BB0-4DCB-9B6B-62F1DD9BB723}.Debug|Any CPU.ActiveCfg = Debug|Any CPU
		{E044BE4B-1BB0-4DCB-9B6B-62F1DD9BB723}.Debug|Any CPU.Build.0 = Debug|Any CPU
		{E044BE4B-1BB0-4DCB-9B6B-62F1DD9BB723}.Release|Any CPU.ActiveCfg = Release|Any CPU
		{E044BE4B-1BB0-4DCB-9B6B-62F1DD9BB723}.Release|Any CPU.Build.0 = Release|Any CPU
		{BAA58548-B7EC-4F4E-8E1C-5B9808BBD8A8}.Debug|Any CPU.ActiveCfg = Debug|Any CPU
		{BAA58548-B7EC-4F4E-8E1C-5B9808BBD8A8}.Debug|Any CPU.Build.0 = Debug|Any CPU
		{BAA58548-B7EC-4F4E-8E1C-5B9808BBD8A8}.Release|Any CPU.ActiveCfg = Release|Any CPU
		{BAA58548-B7EC-4F4E-8E1C-5B9808BBD8A8}.Release|Any CPU.Build.0 = Release|Any CPU
	EndGlobalSection
	GlobalSection(SolutionProperties) = preSolution
		HideSolutionNode = FALSE
	EndGlobalSection
	GlobalSection(ExtensibilityGlobals) = postSolution
		SolutionGuid = {589504F2-6204-48FC-BE6A-C8B672802FF3}
	EndGlobalSection
EndGlobal
